
Microsoft Visual Studio Solution File, Format Version 12.00
# Visual Studio Version 16
VisualStudioVersion = 16.0.30002.166
MinimumVisualStudioVersion = 10.0.40219.1
Project("{9A19103F-16F7-4668-BE54-9A1E7A4F7556}") = "API.WithoutAuthentication", "API.WithoutAuthentcation\API.WithoutAuthentication.csproj", "{023CFF2D-A473-4059-8D79-7BF8B9FAA846}"
EndProject
Project("{9A19103F-16F7-4668-BE54-9A1E7A4F7556}") = "API.WithAuthentication", "API.WithAuthentication\API.WithAuthentication.csproj", "{932F72FC-908E-461F-BEA7-92B44FED631C}"
EndProject
Project("{9A19103F-16F7-4668-BE54-9A1E7A4F7556}") = "JwtAuthentication.Shared", "JwtAuthentication.Shared\JwtAuthentication.Shared.csproj", "{9C87E6C4-2A13-46B0-996B-752BA57A097C}"
EndProject
Global
	GlobalSection(SolutionConfigurationPlatforms) = preSolution
		Debug|Any CPU = Debug|Any CPU
		Release|Any CPU = Release|Any CPU
	EndGlobalSection
	GlobalSection(ProjectConfigurationPlatforms) = postSolution
		{023CFF2D-A473-4059-8D79-7BF8B9FAA846}.Debug|Any CPU.ActiveCfg = Debug|Any CPU
		{023CFF2D-A473-4059-8D79-7BF8B9FAA846}.Debug|Any CPU.Build.0 = Debug|Any CPU
		{023CFF2D-A473-4059-8D79-7BF8B9FAA846}.Release|Any CPU.ActiveCfg = Release|Any CPU
		{023CFF2D-A473-4059-8D79-7BF8B9FAA846}.Release|Any CPU.Build.0 = Release|Any CPU
		{932F72FC-908E-461F-BEA7-92B44FED631C}.Debug|Any CPU.ActiveCfg = Debug|Any CPU
		{932F72FC-908E-461F-BEA7-92B44FED631C}.Debug|Any CPU.Build.0 = Debug|Any CPU
		{932F72FC-908E-461F-BEA7-92B44FED631C}.Release|Any CPU.ActiveCfg = Release|Any CPU
		{932F72FC-908E-461F-BEA7-92B44FED631C}.Release|Any CPU.Build.0 = Release|Any CPU
		{9C87E6C4-2A13-46B0-996B-752BA57A097C}.Debug|Any CPU.ActiveCfg = Debug|Any CPU
		{9C87E6C4-2A13-46B0-996B-752BA57A097C}.Debug|Any CPU.Build.0 = Debug|Any CPU
		{9C87E6C4-2A13-46B0-996B-752BA57A097C}.Release|Any CPU.ActiveCfg = Release|Any CPU
		{9C87E6C4-2A13-46B0-996B-752BA57A097C}.Release|Any CPU.Build.0 = Release|Any CPU
	EndGlobalSection
	GlobalSection(SolutionProperties) = preSolution
		HideSolutionNode = FALSE
	EndGlobalSection
	GlobalSection(ExtensibilityGlobals) = postSolution
		SolutionGuid = {CE123482-00C8-4EEE-AD13-E0857EB1536E}
	EndGlobalSection
EndGlobal
